
Microsoft Visual Studio Solution File, Format Version 12.00
# Visual Studio 2012
Project("{FAE04EC0-301F-11D3-BF4B-00C04F79EFBC}") = "TimeEntry.Models", "TimeEntry.Models\TimeEntry.Models.csproj", "{7230777D-A6DD-4AC6-AC08-8095AA6647C9}"
EndProject
Project("{FAE04EC0-301F-11D3-BF4B-00C04F79EFBC}") = "TimeEntry.Models.Tests", "TimeEntry.Models.Tests\TimeEntry.Models.Tests.csproj", "{53DFAAA3-81A3-4F7C-9414-7FBF35E62155}"
EndProject
Project("{FAE04EC0-301F-11D3-BF4B-00C04F79EFBC}") = "TimeSummary.UI.WPF", "TimeSummary.UI.WPF\TimeSummary.UI.WPF.csproj", "{B310B184-663E-4CDB-A288-6BD23B02346B}"
EndProject
Project("{FAE04EC0-301F-11D3-BF4B-00C04F79EFBC}") = "TimeSummary.UI.Tests", "TimeSummary.UI.Tests\TimeSummary.UI.Tests.csproj", "{E36EB0A7-35C8-414A-B1FA-80AAA6ECC29C}"
EndProject
Global
	GlobalSection(SolutionConfigurationPlatforms) = preSolution
		Debug|Any CPU = Debug|Any CPU
		Release|Any CPU = Release|Any CPU
	EndGlobalSection
	GlobalSection(ProjectConfigurationPlatforms) = postSolution
		{7230777D-A6DD-4AC6-AC08-8095AA6647C9}.Debug|Any CPU.ActiveCfg = Debug|Any CPU
		{7230777D-A6DD-4AC6-AC08-8095AA6647C9}.Debug|Any CPU.Build.0 = Debug|Any CPU
		{7230777D-A6DD-4AC6-AC08-8095AA6647C9}.Release|Any CPU.ActiveCfg = Release|Any CPU
		{7230777D-A6DD-4AC6-AC08-8095AA6647C9}.Release|Any CPU.Build.0 = Release|Any CPU
		{53DFAAA3-81A3-4F7C-9414-7FBF35E62155}.Debug|Any CPU.ActiveCfg = Debug|Any CPU
		{53DFAAA3-81A3-4F7C-9414-7FBF35E62155}.Debug|Any CPU.Build.0 = Debug|Any CPU
		{53DFAAA3-81A3-4F7C-9414-7FBF35E62155}.Release|Any CPU.ActiveCfg = Release|Any CPU
		{53DFAAA3-81A3-4F7C-9414-7FBF35E62155}.Release|Any CPU.Build.0 = Release|Any CPU
		{B310B184-663E-4CDB-A288-6BD23B02346B}.Debug|Any CPU.ActiveCfg = Debug|Any CPU
		{B310B184-663E-4CDB-A288-6BD23B02346B}.Debug|Any CPU.Build.0 = Debug|Any CPU
		{B310B184-663E-4CDB-A288-6BD23B02346B}.Release|Any CPU.ActiveCfg = Release|Any CPU
		{B310B184-663E-4CDB-A288-6BD23B02346B}.Release|Any CPU.Build.0 = Release|Any CPU
		{E36EB0A7-35C8-414A-B1FA-80AAA6ECC29C}.Debug|Any CPU.ActiveCfg = Debug|Any CPU
		{E36EB0A7-35C8-414A-B1FA-80AAA6ECC29C}.Debug|Any CPU.Build.0 = Debug|Any CPU
		{E36EB0A7-35C8-414A-B1FA-80AAA6ECC29C}.Release|Any CPU.ActiveCfg = Release|Any CPU
		{E36EB0A7-35C8-414A-B1FA-80AAA6ECC29C}.Release|Any CPU.Build.0 = Release|Any CPU
	EndGlobalSection
	GlobalSection(SolutionProperties) = preSolution
		HideSolutionNode = FALSE
	EndGlobalSection
EndGlobal
